
Microsoft Visual Studio Solution File, Format Version 12.00
# Visual Studio Version 17
VisualStudioVersion = 17.10.34928.147
MinimumVisualStudioVersion = 10.0.40219.1
Project("{9A19103F-16F7-4668-BE54-9A1E7A4F7556}") = "RVAegis", "RVAegis\RVAegis.csproj", "{046F52A3-0C5E-4EEB-A68D-2C979DE4D05E}"
EndProject
Project("{FAE04EC0-301F-11D3-BF4B-00C04F79EFBC}") = "RVAegisGrpcService", "RVAegisGrpcService\RVAegisGrpcService.csproj", "{71AC9D7D-0FD9-4ADC-AEEF-9AE6036F99E1}"
EndProject
Global
	GlobalSection(SolutionConfigurationPlatforms) = preSolution
		Debug|Any CPU = Debug|Any CPU
		Release|Any CPU = Release|Any CPU
	EndGlobalSection
	GlobalSection(ProjectConfigurationPlatforms) = postSolution
		{046F52A3-0C5E-4EEB-A68D-2C979DE4D05E}.Debug|Any CPU.ActiveCfg = Debug|Any CPU
		{046F52A3-0C5E-4EEB-A68D-2C979DE4D05E}.Debug|Any CPU.Build.0 = Debug|Any CPU
		{046F52A3-0C5E-4EEB-A68D-2C979DE4D05E}.Release|Any CPU.ActiveCfg = Release|Any CPU
		{046F52A3-0C5E-4EEB-A68D-2C979DE4D05E}.Release|Any CPU.Build.0 = Release|Any CPU
		{71AC9D7D-0FD9-4ADC-AEEF-9AE6036F99E1}.Debug|Any CPU.ActiveCfg = Debug|Any CPU
		{71AC9D7D-0FD9-4ADC-AEEF-9AE6036F99E1}.Debug|Any CPU.Build.0 = Debug|Any CPU
		{71AC9D7D-0FD9-4ADC-AEEF-9AE6036F99E1}.Release|Any CPU.ActiveCfg = Release|Any CPU
		{71AC9D7D-0FD9-4ADC-AEEF-9AE6036F99E1}.Release|Any CPU.Build.0 = Release|Any CPU
	EndGlobalSection
	GlobalSection(SolutionProperties) = preSolution
		HideSolutionNode = FALSE
	EndGlobalSection
	GlobalSection(ExtensibilityGlobals) = postSolution
		SolutionGuid = {08F1D0F4-DB1F-4620-913B-C17F30C3A89E}
	EndGlobalSection
EndGlobal
